
Microsoft Visual Studio Solution File, Format Version 12.00
# Visual Studio Version 16
VisualStudioVersion = 16.0.29728.190
MinimumVisualStudioVersion = 10.0.40219.1
Project("{9A19103F-16F7-4668-BE54-9A1E7A4F7556}") = "MusicApp", "MusicApp.csproj", "{E0F407B7-9BC2-481E-8D2D-2D0CB1C9DA62}"
EndProject
Project("{9A19103F-16F7-4668-BE54-9A1E7A4F7556}") = "MusicApp.DataAccess", "..\MusicApp.DataAccess\MusicApp.DataAccess.csproj", "{036045AC-D935-4A26-908F-92C0449B4564}"
EndProject
Project("{9A19103F-16F7-4668-BE54-9A1E7A4F7556}") = "Core", "..\Core\Core.csproj", "{7680962A-8A1B-4C06-B03A-3039E06B2442}"
EndProject
Global
	GlobalSection(SolutionConfigurationPlatforms) = preSolution
		Debug|Any CPU = Debug|Any CPU
		Release|Any CPU = Release|Any CPU
	EndGlobalSection
	GlobalSection(ProjectConfigurationPlatforms) = postSolution
		{E0F407B7-9BC2-481E-8D2D-2D0CB1C9DA62}.Debug|Any CPU.ActiveCfg = Debug|Any CPU
		{E0F407B7-9BC2-481E-8D2D-2D0CB1C9DA62}.Debug|Any CPU.Build.0 = Debug|Any CPU
		{E0F407B7-9BC2-481E-8D2D-2D0CB1C9DA62}.Release|Any CPU.ActiveCfg = Release|Any CPU
		{E0F407B7-9BC2-481E-8D2D-2D0CB1C9DA62}.Release|Any CPU.Build.0 = Release|Any CPU
		{036045AC-D935-4A26-908F-92C0449B4564}.Debug|Any CPU.ActiveCfg = Debug|Any CPU
		{036045AC-D935-4A26-908F-92C0449B4564}.Debug|Any CPU.Build.0 = Debug|Any CPU
		{036045AC-D935-4A26-908F-92C0449B4564}.Release|Any CPU.ActiveCfg = Release|Any CPU
		{036045AC-D935-4A26-908F-92C0449B4564}.Release|Any CPU.Build.0 = Release|Any CPU
		{7680962A-8A1B-4C06-B03A-3039E06B2442}.Debug|Any CPU.ActiveCfg = Debug|Any CPU
		{7680962A-8A1B-4C06-B03A-3039E06B2442}.Debug|Any CPU.Build.0 = Debug|Any CPU
		{7680962A-8A1B-4C06-B03A-3039E06B2442}.Release|Any CPU.ActiveCfg = Release|Any CPU
		{7680962A-8A1B-4C06-B03A-3039E06B2442}.Release|Any CPU.Build.0 = Release|Any CPU
	EndGlobalSection
	GlobalSection(SolutionProperties) = preSolution
		HideSolutionNode = FALSE
	EndGlobalSection
	GlobalSection(ExtensibilityGlobals) = postSolution
		SolutionGuid = {79F5FAAB-DC5F-4614-BFE7-335E5AA87023}
	EndGlobalSection
EndGlobal
